{
  "version": 4,
  "terraform_version": "1.9.0",
  "serial": 8,
  "lineage": "541b9688-f34a-ffa2-fb07-9bfa57200958",
  "outputs": {
    "public_ip_address": {
      "value": "20.185.220.202",
      "type": "string"
    }
  },
  "resources": [
    {
      "mode": "managed",
      "type": "azurerm_linux_virtual_machine",
      "name": "mylinuxvm",
      "provider": "provider[\"registry.terraform.io/hashicorp/azurerm\"]",
      "instances": [
        {
          "schema_version": 0,
          "attributes": {
            "additional_capabilities": [],
            "admin_password": null,
            "admin_ssh_key": [
              {
                "public_key": "ssh-rsa AAAAB3NzaC1yc2EAAAADAQABAAABgQCbBAs2k/wcFIx/gqpoHcLZYqQwlVxaGiNFupS+ccX2gNTk/jI0fncbkGlrDjVuQv7DC8rqiYk/b19d+1uMUP73DGIGwqIcIK81afur52HTEYc4ITteot55X0vxwAiHbO7Cq5RpPOipr4rhecIqNec4U2pRcndztzEnO8So+Yc1FQ4zHjPwiJURvYn+4ZWxn8O4ihW4eN4LNeeJ22VCt0g1WEwQJYd/JsXnsrK/5tmtqv9hDhw2pF+iIf/StTjHZJDv6a6BD1fbZwBRpUb8fB6pesyYGiD6kQcXPcf+QbXpZKf4yojF+MFy+lF0Pk3akuj6N80oSEf48ctdSQvwSdictpLtQn5l9VIn3tO9V0RkjUyZDkB22ilTXcZAche2kRp+IVCGnLOWkFPs1eF2zFgz1TCLdN0hQ/RRuBnEwNdczLEZszbV9oSUHEbfxlpfboZVMjJQvc699U9Ooob/RvW50TeA3e532qXmFWTrhluLfy1FrXsIXaX8ZLKnlidUW6k= Administrator@DESKTOP-TIC5DM4\n",
                "username": "azureuser"
              }
            ],
            "admin_username": "azureuser",
            "allow_extension_operations": true,
            "availability_set_id": "",
            "boot_diagnostics": [],
            "bypass_platform_safety_checks_on_user_schedule_enabled": false,
            "capacity_reservation_group_id": "",
            "computer_name": "devlinux-vm1",
            "custom_data": "I2Nsb3VkLWNvbmZpZw0KcGFja2FnZV91cGdyYWRlOiBmYWxzZQ0KcGFja2FnZXM6DQogIC0gaHR0cGQNCndyaXRlX2ZpbGVzOg0KICAtIG93bmVyOiByb290OnJvb3QgDQogICAgcGF0aDogL3Zhci93d3cvaHRtbC9pbmRleC5odG1sDQogICAgY29udGVudDogfA0KICAgICAgPGgxPldlbGNvbWUgdG8gUlBTIENvbnN1bHRpbmcgLSBBUFAtMTwvaDE+DQogIC0gb3duZXI6IHJvb3Q6cm9vdCANCiAgICBwYXRoOiAvdmFyL3d3dy9odG1sL2FwcDEvaW5kZXguaHRtbA0KICAgIGNvbnRlbnQ6IHwNCiAgICAgIDwhRE9DVFlQRSBodG1sPiA8aHRtbD4gPGJvZHkgc3R5bGU9ImJhY2tncm91bmQtY29sb3I6cmdiKDI1MCwgMjEwLCAyMTApOyI+IDxoMT5XZWxjb21lIHRvIEJhbmsgT2YgQW1lcmljYTwvaDE+IDxwPlRlcnJhZm9ybSBEZW1vPC9wPiA8cD5BcHBsaWNhdGlvbiBWZXJzaW9uOiBWMTwvcD4gPC9ib2R5PjwvaHRtbD4gICAgICANCnJ1bmNtZDoNCiAgLSBzdWRvIHN5c3RlbWN0bCBzdGFydCBodHRwZCAgDQogIC0gc3VkbyBzeXN0ZW1jdGwgZW5hYmxlIGh0dHBkDQogIC0gc3VkbyBzeXN0ZW1jdGwgc3RvcCBmaXJld2FsbGQNCiAgLSBzdWRvIG1rZGlyIC92YXIvd3d3L2h0bWwvYXBwMSANCiAgLSBbc3VkbywgY3VybCwgLUgsICJNZXRhZGF0YTp0cnVlIiwgLS1ub3Byb3h5LCAiKiIsICJodHRwOi8vMTY5LjI1NC4xNjkuMjU0L21ldGFkYXRhL2luc3RhbmNlP2FwaS12ZXJzaW9uPTIwMjAtMDktMDEiLCAtbywgL3Zhci93d3cvaHRtbC9hcHAxL21ldGFkYXRhLmh0bWxd",
            "dedicated_host_group_id": "",
            "dedicated_host_id": "",
            "disable_password_authentication": true,
            "disk_controller_type": "SCSI",
            "edge_zone": "",
            "encryption_at_host_enabled": false,
            "eviction_policy": "",
            "extensions_time_budget": "PT1H30M",
            "gallery_application": [],
            "id": "/subscriptions/b3f5ee79-0a60-4c7c-95c7-24df20b84cbb/resourceGroups/myrg-1/providers/Microsoft.Compute/virtualMachines/mylinuxvm-1",
            "identity": [],
            "license_type": "",
            "location": "eastus",
            "max_bid_price": -1,
            "name": "mylinuxvm-1",
            "network_interface_ids": [
              "/subscriptions/b3f5ee79-0a60-4c7c-95c7-24df20b84cbb/resourceGroups/myrg-1/providers/Microsoft.Network/networkInterfaces/vmnic"
            ],
            "os_disk": [
              {
                "caching": "ReadWrite",
                "diff_disk_settings": [],
                "disk_encryption_set_id": "",
                "disk_size_gb": 64,
                "name": "osdisk",
                "secure_vm_disk_encryption_set_id": "",
                "security_encryption_type": "",
                "storage_account_type": "Standard_LRS",
                "write_accelerator_enabled": false
              }
            ],
            "os_image_notification": [],
            "patch_assessment_mode": "ImageDefault",
            "patch_mode": "ImageDefault",
            "plan": [],
            "platform_fault_domain": -1,
            "priority": "Regular",
            "private_ip_address": "10.0.2.4",
            "private_ip_addresses": [
              "10.0.2.4"
            ],
            "provision_vm_agent": true,
            "proximity_placement_group_id": "",
            "public_ip_address": "20.185.220.202",
            "public_ip_addresses": [
              "20.185.220.202"
            ],
            "reboot_setting": "",
            "resource_group_name": "myrg-1",
            "secret": [],
            "secure_boot_enabled": false,
            "size": "Standard_DC1s_v3",
            "source_image_id": "",
            "source_image_reference": [
              {
                "offer": "RHEL",
                "publisher": "RedHat",
                "sku": "83-gen2",
                "version": "latest"
              }
            ],
            "tags": null,
            "termination_notification": null,
            "timeouts": null,
            "user_data": "",
            "virtual_machine_id": "52451806-bc0f-42ca-9af7-30ec0e70e52d",
            "virtual_machine_scale_set_id": "",
            "vm_agent_platform_updates_enabled": false,
            "vtpm_enabled": false,
            "zone": ""
          },
          "sensitive_attributes": [
            [
              {
                "type": "get_attr",
                "value": "custom_data"
              }
            ],
            [
              {
                "type": "get_attr",
                "value": "admin_password"
              }
            ]
          ],
          "private": "eyJlMmJmYjczMC1lY2FhLTExZTYtOGY4OC0zNDM2M2JjN2M0YzAiOnsiY3JlYXRlIjoyNzAwMDAwMDAwMDAwLCJkZWxldGUiOjI3MDAwMDAwMDAwMDAsInJlYWQiOjMwMDAwMDAwMDAwMCwidXBkYXRlIjoyNzAwMDAwMDAwMDAwfX0=",
          "dependencies": [
            "azurerm_network_interface.myvmnic",
            "azurerm_public_ip.mypublicip",
            "azurerm_resource_group.myrg",
            "azurerm_subnet.mysubnet",
            "azurerm_virtual_network.myvnet",
            "random_string.myrandom"
          ]
        }
      ]
    },
    {
      "mode": "managed",
      "type": "azurerm_network_interface",
      "name": "myvmnic",
      "provider": "provider[\"registry.terraform.io/hashicorp/azurerm\"]",
      "instances": [
        {
          "schema_version": 0,
          "attributes": {
            "accelerated_networking_enabled": false,
            "applied_dns_servers": [],
            "auxiliary_mode": "",
            "auxiliary_sku": "",
            "dns_servers": [],
            "edge_zone": "",
            "enable_accelerated_networking": false,
            "enable_ip_forwarding": false,
            "id": "/subscriptions/b3f5ee79-0a60-4c7c-95c7-24df20b84cbb/resourceGroups/myrg-1/providers/Microsoft.Network/networkInterfaces/vmnic",
            "internal_dns_name_label": "",
            "internal_domain_name_suffix": "ronkk2chyg0edahovmdggoot3c.bx.internal.cloudapp.net",
            "ip_configuration": [
              {
                "gateway_load_balancer_frontend_ip_configuration_id": "",
                "name": "internal",
                "primary": true,
                "private_ip_address": "10.0.2.4",
                "private_ip_address_allocation": "Dynamic",
                "private_ip_address_version": "IPv4",
                "public_ip_address_id": "/subscriptions/b3f5ee79-0a60-4c7c-95c7-24df20b84cbb/resourceGroups/myrg-1/providers/Microsoft.Network/publicIPAddresses/mypublicip-1",
                "subnet_id": "/subscriptions/b3f5ee79-0a60-4c7c-95c7-24df20b84cbb/resourceGroups/myrg-1/providers/Microsoft.Network/virtualNetworks/myvnet-1/subnets/mysubnet-1"
              }
            ],
            "ip_forwarding_enabled": false,
            "location": "eastus",
            "mac_address": "",
            "name": "vmnic",
            "private_ip_address": "10.0.2.4",
            "private_ip_addresses": [
              "10.0.2.4"
            ],
            "resource_group_name": "myrg-1",
            "tags": null,
            "timeouts": null,
            "virtual_machine_id": ""
          },
          "sensitive_attributes": [],
          "private": "eyJlMmJmYjczMC1lY2FhLTExZTYtOGY4OC0zNDM2M2JjN2M0YzAiOnsiY3JlYXRlIjoxODAwMDAwMDAwMDAwLCJkZWxldGUiOjE4MDAwMDAwMDAwMDAsInJlYWQiOjMwMDAwMDAwMDAwMCwidXBkYXRlIjoxODAwMDAwMDAwMDAwfX0=",
          "dependencies": [
            "azurerm_public_ip.mypublicip",
            "azurerm_resource_group.myrg",
            "azurerm_subnet.mysubnet",
            "azurerm_virtual_network.myvnet",
            "random_string.myrandom"
          ]
        }
      ]
    },
    {
      "mode": "managed",
      "type": "azurerm_public_ip",
      "name": "mypublicip",
      "provider": "provider[\"registry.terraform.io/hashicorp/azurerm\"]",
      "instances": [
        {
          "schema_version": 0,
          "attributes": {
            "allocation_method": "Static",
            "ddos_protection_mode": "VirtualNetworkInherited",
            "ddos_protection_plan_id": null,
            "domain_name_label": "app1-vm-dpsyax",
            "edge_zone": "",
            "fqdn": "app1-vm-dpsyax.eastus.cloudapp.azure.com",
            "id": "/subscriptions/b3f5ee79-0a60-4c7c-95c7-24df20b84cbb/resourceGroups/myrg-1/providers/Microsoft.Network/publicIPAddresses/mypublicip-1",
            "idle_timeout_in_minutes": 4,
            "ip_address": "20.185.220.202",
            "ip_tags": null,
            "ip_version": "IPv4",
            "location": "eastus",
            "name": "mypublicip-1",
            "public_ip_prefix_id": null,
            "resource_group_name": "myrg-1",
            "reverse_fqdn": "",
            "sku": "Basic",
            "sku_tier": "Regional",
            "tags": {
              "environment": "Dev"
            },
            "timeouts": null,
            "zones": null
          },
          "sensitive_attributes": [],
          "private": "eyJlMmJmYjczMC1lY2FhLTExZTYtOGY4OC0zNDM2M2JjN2M0YzAiOnsiY3JlYXRlIjoxODAwMDAwMDAwMDAwLCJkZWxldGUiOjE4MDAwMDAwMDAwMDAsInJlYWQiOjMwMDAwMDAwMDAwMCwidXBkYXRlIjoxODAwMDAwMDAwMDAwfX0=",
          "dependencies": [
            "azurerm_resource_group.myrg",
            "random_string.myrandom"
          ]
        }
      ]
    },
    {
      "mode": "managed",
      "type": "azurerm_resource_group",
      "name": "myrg",
      "provider": "provider[\"registry.terraform.io/hashicorp/azurerm\"]",
      "instances": [
        {
          "schema_version": 0,
          "attributes": {
            "id": "/subscriptions/b3f5ee79-0a60-4c7c-95c7-24df20b84cbb/resourceGroups/myrg-1",
            "location": "eastus",
            "managed_by": "",
            "name": "myrg-1",
            "tags": null,
            "timeouts": null
          },
          "sensitive_attributes": [],
          "private": "eyJlMmJmYjczMC1lY2FhLTExZTYtOGY4OC0zNDM2M2JjN2M0YzAiOnsiY3JlYXRlIjo1NDAwMDAwMDAwMDAwLCJkZWxldGUiOjU0MDAwMDAwMDAwMDAsInJlYWQiOjMwMDAwMDAwMDAwMCwidXBkYXRlIjo1NDAwMDAwMDAwMDAwfX0="
        }
      ]
    },
    {
      "mode": "managed",
      "type": "azurerm_subnet",
      "name": "mysubnet",
      "provider": "provider[\"registry.terraform.io/hashicorp/azurerm\"]",
      "instances": [
        {
          "schema_version": 0,
          "attributes": {
            "address_prefixes": [
              "10.0.2.0/24"
            ],
            "default_outbound_access_enabled": true,
            "delegation": [],
            "enforce_private_link_endpoint_network_policies": false,
            "enforce_private_link_service_network_policies": false,
            "id": "/subscriptions/b3f5ee79-0a60-4c7c-95c7-24df20b84cbb/resourceGroups/myrg-1/providers/Microsoft.Network/virtualNetworks/myvnet-1/subnets/mysubnet-1",
            "name": "mysubnet-1",
            "private_endpoint_network_policies": "Enabled",
            "private_endpoint_network_policies_enabled": true,
            "private_link_service_network_policies_enabled": true,
            "resource_group_name": "myrg-1",
            "service_endpoint_policy_ids": null,
            "service_endpoints": null,
            "timeouts": null,
            "virtual_network_name": "myvnet-1"
          },
          "sensitive_attributes": [],
          "private": "eyJlMmJmYjczMC1lY2FhLTExZTYtOGY4OC0zNDM2M2JjN2M0YzAiOnsiY3JlYXRlIjoxODAwMDAwMDAwMDAwLCJkZWxldGUiOjE4MDAwMDAwMDAwMDAsInJlYWQiOjMwMDAwMDAwMDAwMCwidXBkYXRlIjoxODAwMDAwMDAwMDAwfX0=",
          "dependencies": [
            "azurerm_resource_group.myrg",
            "azurerm_virtual_network.myvnet"
          ]
        }
      ]
    },
    {
      "mode": "managed",
      "type": "azurerm_virtual_network",
      "name": "myvnet",
      "provider": "provider[\"registry.terraform.io/hashicorp/azurerm\"]",
      "instances": [
        {
          "schema_version": 0,
          "attributes": {
            "address_space": [
              "10.0.0.0/16"
            ],
            "bgp_community": "",
            "ddos_protection_plan": [],
            "dns_servers": [],
            "edge_zone": "",
            "encryption": [],
            "flow_timeout_in_minutes": 0,
            "guid": "70a59a8b-c147-41b4-80ee-ab066339d3ea",
            "id": "/subscriptions/b3f5ee79-0a60-4c7c-95c7-24df20b84cbb/resourceGroups/myrg-1/providers/Microsoft.Network/virtualNetworks/myvnet-1",
            "location": "eastus",
            "name": "myvnet-1",
            "resource_group_name": "myrg-1",
            "subnet": [],
            "tags": null,
            "timeouts": null
          },
          "sensitive_attributes": [],
          "private": "eyJlMmJmYjczMC1lY2FhLTExZTYtOGY4OC0zNDM2M2JjN2M0YzAiOnsiY3JlYXRlIjoxODAwMDAwMDAwMDAwLCJkZWxldGUiOjE4MDAwMDAwMDAwMDAsInJlYWQiOjMwMDAwMDAwMDAwMCwidXBkYXRlIjoxODAwMDAwMDAwMDAwfX0=",
          "dependencies": [
            "azurerm_resource_group.myrg"
          ]
        }
      ]
    },
    {
      "mode": "managed",
      "type": "random_string",
      "name": "myrandom",
      "provider": "provider[\"registry.terraform.io/hashicorp/random\"]",
      "instances": [
        {
          "schema_version": 2,
          "attributes": {
            "id": "dpsyax",
            "keepers": null,
            "length": 6,
            "lower": true,
            "min_lower": 0,
            "min_numeric": 0,
            "min_special": 0,
            "min_upper": 0,
            "number": false,
            "numeric": false,
            "override_special": null,
            "result": "dpsyax",
            "special": false,
            "upper": false
          },
          "sensitive_attributes": []
        }
      ]
    }
  ],
  "check_results": null
}
